
Microsoft Visual Studio Solution File, Format Version 12.00
# Visual Studio Version 17
VisualStudioVersion = 17.14.36401.2 d17.14
MinimumVisualStudioVersion = 10.0.40219.1
Project("{FAE04EC0-301F-11D3-BF4B-00C04F79EFBC}") = "E2ETestFramework", "E2ETestFramework\E2ETestFramework.csproj", "{64710669-33B4-408D-9948-A7F791A65378}"
EndProject
Global
	GlobalSection(SolutionConfigurationPlatforms) = preSolution
		Debug|Any CPU = Debug|Any CPU
		Release|Any CPU = Release|Any CPU
	EndGlobalSection
	GlobalSection(ProjectConfigurationPlatforms) = postSolution
		{64710669-33B4-408D-9948-A7F791A65378}.Debug|Any CPU.ActiveCfg = Debug|Any CPU
		{64710669-33B4-408D-9948-A7F791A65378}.Debug|Any CPU.Build.0 = Debug|Any CPU
		{64710669-33B4-408D-9948-A7F791A65378}.Release|Any CPU.ActiveCfg = Release|Any CPU
		{64710669-33B4-408D-9948-A7F791A65378}.Release|Any CPU.Build.0 = Release|Any CPU
	EndGlobalSection
	GlobalSection(SolutionProperties) = preSolution
		HideSolutionNode = FALSE
	EndGlobalSection
	GlobalSection(ExtensibilityGlobals) = postSolution
		SolutionGuid = {3C597115-4BD6-4D8B-9DFE-6254CF79E229}
	EndGlobalSection
EndGlobal
